
Microsoft Visual Studio Solution File, Format Version 12.00
# Visual Studio Version 16
VisualStudioVersion = 16.0.33920.266
MinimumVisualStudioVersion = 10.0.40219.1
Project("{FAE04EC0-301F-11D3-BF4B-00C04F79EFBC}") = "TravelTripProject", "TravelTripProject\TravelTripProject.csproj", "{2A5FE262-5AF7-4B07-910C-F1D9D934E975}"
EndProject
Global
	GlobalSection(SolutionConfigurationPlatforms) = preSolution
		Debug|Any CPU = Debug|Any CPU
		Release|Any CPU = Release|Any CPU
	EndGlobalSection
	GlobalSection(ProjectConfigurationPlatforms) = postSolution
		{2A5FE262-5AF7-4B07-910C-F1D9D934E975}.Debug|Any CPU.ActiveCfg = Debug|Any CPU
		{2A5FE262-5AF7-4B07-910C-F1D9D934E975}.Debug|Any CPU.Build.0 = Debug|Any CPU
		{2A5FE262-5AF7-4B07-910C-F1D9D934E975}.Release|Any CPU.ActiveCfg = Release|Any CPU
		{2A5FE262-5AF7-4B07-910C-F1D9D934E975}.Release|Any CPU.Build.0 = Release|Any CPU
	EndGlobalSection
	GlobalSection(SolutionProperties) = preSolution
		HideSolutionNode = FALSE
	EndGlobalSection
	GlobalSection(ExtensibilityGlobals) = postSolution
		SolutionGuid = {CE583F10-AEDE-4A7F-B50C-26813481D399}
	EndGlobalSection
EndGlobal
